
Microsoft Visual Studio Solution File, Format Version 12.00
# Visual Studio Version 16
VisualStudioVersion = 25.0.1706.12
MinimumVisualStudioVersion = 10.0.40219.1
Project("{FAE04EC0-301F-11D3-BF4B-00C04F79EFBC}") = "MusicKeyFinder", "MusicKeyFinder.csproj", "{8BC970CB-C0D1-42ED-8532-5ED4975B1C79}"
EndProject
Global
	GlobalSection(SolutionConfigurationPlatforms) = preSolution
		Debug|Any CPU = Debug|Any CPU
		Release|Any CPU = Release|Any CPU
	EndGlobalSection
	GlobalSection(ProjectConfigurationPlatforms) = postSolution
		{8BC970CB-C0D1-42ED-8532-5ED4975B1C79}.Debug|Any CPU.ActiveCfg = Debug|Any CPU
		{8BC970CB-C0D1-42ED-8532-5ED4975B1C79}.Debug|Any CPU.Build.0 = Debug|Any CPU
		{8BC970CB-C0D1-42ED-8532-5ED4975B1C79}.Release|Any CPU.ActiveCfg = Release|Any CPU
		{8BC970CB-C0D1-42ED-8532-5ED4975B1C79}.Release|Any CPU.Build.0 = Release|Any CPU
	EndGlobalSection
	GlobalSection(SolutionProperties) = preSolution
		HideSolutionNode = FALSE
	EndGlobalSection
	GlobalSection(ExtensibilityGlobals) = postSolution
		SolutionGuid = {7F5A7716-A758-490A-8BD4-E66DA97C2A6E}
	EndGlobalSection
EndGlobal
